// !$*UTF8*$!
{
	archiveVersion = 1;
	classes = {
	};
	objectVersion = 56;
	objects = {

/* Begin PBXBuildFile section */
		0D52064FD368F9A7ACA3CD16 /* Pods_Rimac.framework in Frameworks */ = {isa = PBXBuildFile; fileRef = DB0E17C93A64695BCCE6E7C6 /* Pods_Rimac.framework */; };
		FD4D2BE629E9E39F00F525D3 /* AppDelegate.swift in Sources */ = {isa = PBXBuildFile; fileRef = FD4D2BE529E9E39F00F525D3 /* AppDelegate.swift */; };
		FD4D2BE829E9E39F00F525D3 /* SceneDelegate.swift in Sources */ = {isa = PBXBuildFile; fileRef = FD4D2BE729E9E39F00F525D3 /* SceneDelegate.swift */; };
		FD4D2BEA29E9E39F00F525D3 /* ViewController.swift in Sources */ = {isa = PBXBuildFile; fileRef = FD4D2BE929E9E39F00F525D3 /* ViewController.swift */; };
		FD4D2BED29E9E39F00F525D3 /* Main.storyboard in Resources */ = {isa = PBXBuildFile; fileRef = FD4D2BEB29E9E39F00F525D3 /* Main.storyboard */; };
		FD4D2BEF29E9E3A000F525D3 /* Assets.xcassets in Resources */ = {isa = PBXBuildFile; fileRef = FD4D2BEE29E9E3A000F525D3 /* Assets.xcassets */; };
		FD4D2BF229E9E3A000F525D3 /* LaunchScreen.storyboard in Resources */ = {isa = PBXBuildFile; fileRef = FD4D2BF029E9E3A000F525D3 /* LaunchScreen.storyboard */; };
		FD6B866029EDE91F00EE1F77 /* Pagos.framework in Frameworks */ = {isa = PBXBuildFile; fileRef = FD6B865F29EDE91F00EE1F77 /* Pagos.framework */; };
		FD6B866129EDE91F00EE1F77 /* Pagos.framework in Embed Frameworks */ = {isa = PBXBuildFile; fileRef = FD6B865F29EDE91F00EE1F77 /* Pagos.framework */; settings = {ATTRIBUTES = (CodeSignOnCopy, RemoveHeadersOnCopy, ); }; };
		FD6B866429EDE92500EE1F77 /* FoundationRimac.framework in Frameworks */ = {isa = PBXBuildFile; fileRef = FD6B866329EDE92500EE1F77 /* FoundationRimac.framework */; };
		FD6B866529EDE92500EE1F77 /* FoundationRimac.framework in Embed Frameworks */ = {isa = PBXBuildFile; fileRef = FD6B866329EDE92500EE1F77 /* FoundationRimac.framework */; settings = {ATTRIBUTES = (CodeSignOnCopy, RemoveHeadersOnCopy, ); }; };
/* End PBXBuildFile section */

/* Begin PBXCopyFilesBuildPhase section */
		FD6B866229EDE91F00EE1F77 /* Embed Frameworks */ = {
			isa = PBXCopyFilesBuildPhase;
			buildActionMask = 2147483647;
			dstPath = "";
			dstSubfolderSpec = 10;
			files = (
				FD6B866529EDE92500EE1F77 /* FoundationRimac.framework in Embed Frameworks */,
				FD6B866129EDE91F00EE1F77 /* Pagos.framework in Embed Frameworks */,
			);
			name = "Embed Frameworks";
			runOnlyForDeploymentPostprocessing = 0;
		};
/* End PBXCopyFilesBuildPhase section */

/* Begin PBXFileReference section */
		DB0E17C93A64695BCCE6E7C6 /* Pods_Rimac.framework */ = {isa = PBXFileReference; explicitFileType = wrapper.framework; includeInIndex = 0; path = Pods_Rimac.framework; sourceTree = BUILT_PRODUCTS_DIR; };
		E67B0E978BD121C133D1A70F /* Pods-Rimac.release.xcconfig */ = {isa = PBXFileReference; includeInIndex = 1; lastKnownFileType = text.xcconfig; name = "Pods-Rimac.release.xcconfig"; path = "Target Support Files/Pods-Rimac/Pods-Rimac.release.xcconfig"; sourceTree = "<group>"; };
		F29BBC58DA086F101BA76740 /* Pods-Rimac.debug.xcconfig */ = {isa = PBXFileReference; includeInIndex = 1; lastKnownFileType = text.xcconfig; name = "Pods-Rimac.debug.xcconfig"; path = "Target Support Files/Pods-Rimac/Pods-Rimac.debug.xcconfig"; sourceTree = "<group>"; };
		FD4D2BE229E9E39F00F525D3 /* Rimac.app */ = {isa = PBXFileReference; explicitFileType = wrapper.application; includeInIndex = 0; path = Rimac.app; sourceTree = BUILT_PRODUCTS_DIR; };
		FD4D2BE529E9E39F00F525D3 /* AppDelegate.swift */ = {isa = PBXFileReference; lastKnownFileType = sourcecode.swift; path = AppDelegate.swift; sourceTree = "<group>"; };
		FD4D2BE729E9E39F00F525D3 /* SceneDelegate.swift */ = {isa = PBXFileReference; lastKnownFileType = sourcecode.swift; path = SceneDelegate.swift; sourceTree = "<group>"; };
		FD4D2BE929E9E39F00F525D3 /* ViewController.swift */ = {isa = PBXFileReference; lastKnownFileType = sourcecode.swift; path = ViewController.swift; sourceTree = "<group>"; };
		FD4D2BEC29E9E39F00F525D3 /* Base */ = {isa = PBXFileReference; lastKnownFileType = file.storyboard; name = Base; path = Base.lproj/Main.storyboard; sourceTree = "<group>"; };
		FD4D2BEE29E9E3A000F525D3 /* Assets.xcassets */ = {isa = PBXFileReference; lastKnownFileType = folder.assetcatalog; path = Assets.xcassets; sourceTree = "<group>"; };
		FD4D2BF129E9E3A000F525D3 /* Base */ = {isa = PBXFileReference; lastKnownFileType = file.storyboard; name = Base; path = Base.lproj/LaunchScreen.storyboard; sourceTree = "<group>"; };
		FD4D2BF329E9E3A000F525D3 /* Info.plist */ = {isa = PBXFileReference; lastKnownFileType = text.plist.xml; path = Info.plist; sourceTree = "<group>"; };
		FD6B865F29EDE91F00EE1F77 /* Pagos.framework */ = {isa = PBXFileReference; explicitFileType = wrapper.framework; path = Pagos.framework; sourceTree = BUILT_PRODUCTS_DIR; };
		FD6B866329EDE92500EE1F77 /* FoundationRimac.framework */ = {isa = PBXFileReference; explicitFileType = wrapper.framework; path = FoundationRimac.framework; sourceTree = BUILT_PRODUCTS_DIR; };
/* End PBXFileReference section */

/* Begin PBXFrameworksBuildPhase section */
		FD4D2BDF29E9E39F00F525D3 /* Frameworks */ = {
			isa = PBXFrameworksBuildPhase;
			buildActionMask = 2147483647;
			files = (
				FD6B866429EDE92500EE1F77 /* FoundationRimac.framework in Frameworks */,
				0D52064FD368F9A7ACA3CD16 /* Pods_Rimac.framework in Frameworks */,
				FD6B866029EDE91F00EE1F77 /* Pagos.framework in Frameworks */,
			);
			runOnlyForDeploymentPostprocessing = 0;
		};
/* End PBXFrameworksBuildPhase section */

/* Begin PBXGroup section */
		0288E2A09D4AFBFE6CC77151 /* Pods */ = {
			isa = PBXGroup;
			children = (
				F29BBC58DA086F101BA76740 /* Pods-Rimac.debug.xcconfig */,
				E67B0E978BD121C133D1A70F /* Pods-Rimac.release.xcconfig */,
			);
			path = Pods;
			sourceTree = "<group>";
		};
		CB5E359859E85A009C38C3B5 /* Frameworks */ = {
			isa = PBXGroup;
			children = (
				FD6B866329EDE92500EE1F77 /* FoundationRimac.framework */,
				FD6B865F29EDE91F00EE1F77 /* Pagos.framework */,
				DB0E17C93A64695BCCE6E7C6 /* Pods_Rimac.framework */,
			);
			name = Frameworks;
			sourceTree = "<group>";
		};
		FD4D2BD929E9E39F00F525D3 = {
			isa = PBXGroup;
			children = (
				FD4D2BE429E9E39F00F525D3 /* Rimac */,
				FD4D2BE329E9E39F00F525D3 /* Products */,
				0288E2A09D4AFBFE6CC77151 /* Pods */,
				CB5E359859E85A009C38C3B5 /* Frameworks */,
			);
			sourceTree = "<group>";
		};
		FD4D2BE329E9E39F00F525D3 /* Products */ = {
			isa = PBXGroup;
			children = (
				FD4D2BE229E9E39F00F525D3 /* Rimac.app */,
			);
			name = Products;
			sourceTree = "<group>";
		};
		FD4D2BE429E9E39F00F525D3 /* Rimac */ = {
			isa = PBXGroup;
			children = (
				FD4D2BE529E9E39F00F525D3 /* AppDelegate.swift */,
				FD4D2BE729E9E39F00F525D3 /* SceneDelegate.swift */,
				FD4D2BE929E9E39F00F525D3 /* ViewController.swift */,
				FD4D2BEB29E9E39F00F525D3 /* Main.storyboard */,
				FD4D2BEE29E9E3A000F525D3 /* Assets.xcassets */,
				FD4D2BF029E9E3A000F525D3 /* LaunchScreen.storyboard */,
				FD4D2BF329E9E3A000F525D3 /* Info.plist */,
			);
			path = Rimac;
			sourceTree = "<group>";
		};
/* End PBXGroup section */

/* Begin PBXNativeTarget section */
		FD4D2BE129E9E39F00F525D3 /* Rimac */ = {
			isa = PBXNativeTarget;
			buildConfigurationList = FD4D2BF629E9E3A000F525D3 /* Build configuration list for PBXNativeTarget "Rimac" */;
			buildPhases = (
				EE8C6800F2633EFE1F12988C /* [CP] Check Pods Manifest.lock */,
				FD4D2BDE29E9E39F00F525D3 /* Sources */,
				FD4D2BDF29E9E39F00F525D3 /* Frameworks */,
				FD4D2BE029E9E39F00F525D3 /* Resources */,
				FD6B866229EDE91F00EE1F77 /* Embed Frameworks */,
				5F43374E39372B6DE49151EC /* [CP] Embed Pods Frameworks */,
			);
			buildRules = (
			);
			dependencies = (
			);
			name = Rimac;
			productName = Rimac;
			productReference = FD4D2BE229E9E39F00F525D3 /* Rimac.app */;
			productType = "com.apple.product-type.application";
		};
/* End PBXNativeTarget section */

/* Begin PBXProject section */
		FD4D2BDA29E9E39F00F525D3 /* Project object */ = {
			isa = PBXProject;
			attributes = {
				BuildIndependentTargetsInParallel = 1;
				LastSwiftUpdateCheck = 1420;
				LastUpgradeCheck = 1420;
				TargetAttributes = {
					FD4D2BE129E9E39F00F525D3 = {
						CreatedOnToolsVersion = 14.2;
					};
				};
			};
			buildConfigurationList = FD4D2BDD29E9E39F00F525D3 /* Build configuration list for PBXProject "Rimac" */;
			compatibilityVersion = "Xcode 14.0";
			developmentRegion = en;
			hasScannedForEncodings = 0;
			knownRegions = (
				en,
				Base,
			);
			mainGroup = FD4D2BD929E9E39F00F525D3;
			productRefGroup = FD4D2BE329E9E39F00F525D3 /* Products */;
			projectDirPath = "";
			projectRoot = "";
			targets = (
				FD4D2BE129E9E39F00F525D3 /* Rimac */,
			);
		};
/* End PBXProject section */

/* Begin PBXResourcesBuildPhase section */
		FD4D2BE029E9E39F00F525D3 /* Resources */ = {
			isa = PBXResourcesBuildPhase;
			buildActionMask = 2147483647;
			files = (
				FD4D2BF229E9E3A000F525D3 /* LaunchScreen.storyboard in Resources */,
				FD4D2BEF29E9E3A000F525D3 /* Assets.xcassets in Resources */,
				FD4D2BED29E9E39F00F525D3 /* Main.storyboard in Resources */,
			);
			runOnlyForDeploymentPostprocessing = 0;
		};
/* End PBXResourcesBuildPhase section */

/* Begin PBXShellScriptBuildPhase section */
		5F43374E39372B6DE49151EC /* [CP] Embed Pods Frameworks */ = {
			isa = PBXShellScriptBuildPhase;
			buildActionMask = 2147483647;
			files = (
			);
			inputFileListPaths = (
				"${PODS_ROOT}/Target Support Files/Pods-Rimac/Pods-Rimac-frameworks-${CONFIGURATION}-input-files.xcfilelist",
			);
			name = "[CP] Embed Pods Frameworks";
			outputFileListPaths = (
				"${PODS_ROOT}/Target Support Files/Pods-Rimac/Pods-Rimac-frameworks-${CONFIGURATION}-output-files.xcfilelist",
			);
			runOnlyForDeploymentPostprocessing = 0;
			shellPath = /bin/sh;
			shellScript = "\"${PODS_ROOT}/Target Support Files/Pods-Rimac/Pods-Rimac-frameworks.sh\"\n";
			showEnvVarsInLog = 0;
		};
		EE8C6800F2633EFE1F12988C /* [CP] Check Pods Manifest.lock */ = {
			isa = PBXShellScriptBuildPhase;
			buildActionMask = 2147483647;
			files = (
			);
			inputFileListPaths = (
			);
			inputPaths = (
				"${PODS_PODFILE_DIR_PATH}/Podfile.lock",
				"${PODS_ROOT}/Manifest.lock",
			);
			name = "[CP] Check Pods Manifest.lock";
			outputFileListPaths = (
			);
			outputPaths = (
				"$(DERIVED_FILE_DIR)/Pods-Rimac-checkManifestLockResult.txt",
			);
			runOnlyForDeploymentPostprocessing = 0;
			shellPath = /bin/sh;
			shellScript = "diff \"${PODS_PODFILE_DIR_PATH}/Podfile.lock\" \"${PODS_ROOT}/Manifest.lock\" > /dev/null\nif [ $? != 0 ] ; then\n    # print error to STDERR\n    echo \"error: The sandbox is not in sync with the Podfile.lock. Run 'pod install' or update your CocoaPods installation.\" >&2\n    exit 1\nfi\n# This output is used by Xcode 'outputs' to avoid re-running this script phase.\necho \"SUCCESS\" > \"${SCRIPT_OUTPUT_FILE_0}\"\n";
			showEnvVarsInLog = 0;
		};
/* End PBXShellScriptBuildPhase section */

/* Begin PBXSourcesBuildPhase section */
		FD4D2BDE29E9E39F00F525D3 /* Sources */ = {
			isa = PBXSourcesBuildPhase;
			buildActionMask = 2147483647;
			files = (
				FD4D2BEA29E9E39F00F525D3 /* ViewController.swift in Sources */,
				FD4D2BE629E9E39F00F525D3 /* AppDelegate.swift in Sources */,
				FD4D2BE829E9E39F00F525D3 /* SceneDelegate.swift in Sources */,
			);
			runOnlyForDeploymentPostprocessing = 0;
		};
/* End PBXSourcesBuildPhase section */

/* Begin PBXVariantGroup section */
		FD4D2BEB29E9E39F00F525D3 /* Main.storyboard */ = {
			isa = PBXVariantGroup;
			children = (
				FD4D2BEC29E9E39F00F525D3 /* Base */,
			);
			name = Main.storyboard;
			sourceTree = "<group>";
		};
		FD4D2BF029E9E3A000F525D3 /* LaunchScreen.storyboard */ = {
			isa = PBXVariantGroup;
			children = (
				FD4D2BF129E9E3A000F525D3 /* Base */,
			);
			name = LaunchScreen.storyboard;
			sourceTree = "<group>";
		};
/* End PBXVariantGroup section */

/* Begin XCBuildConfiguration section */
		FD4D2BF429E9E3A000F525D3 /* Debug */ = {
			isa = XCBuildConfiguration;
			buildSettings = {
				ALWAYS_SEARCH_USER_PATHS = NO;
				CLANG_ANALYZER_NONNULL = YES;
				CLANG_ANALYZER_NUMBER_OBJECT_CONVERSION = YES_AGGRESSIVE;
				CLANG_CXX_LANGUAGE_STANDARD = "gnu++20";
				CLANG_ENABLE_MODULES = YES;
				CLANG_ENABLE_OBJC_ARC = YES;
				CLANG_ENABLE_OBJC_WEAK = YES;
				CLANG_WARN_BLOCK_CAPTURE_AUTORELEASING = YES;
				CLANG_WARN_BOOL_CONVERSION = YES;
				CLANG_WARN_COMMA = YES;
				CLANG_WARN_CONSTANT_CONVERSION = YES;
				CLANG_WARN_DEPRECATED_OBJC_IMPLEMENTATIONS = YES;
				CLANG_WARN_DIRECT_OBJC_ISA_USAGE = YES_ERROR;
				CLANG_WARN_DOCUMENTATION_COMMENTS = YES;
				CLANG_WARN_EMPTY_BODY = YES;
				CLANG_WARN_ENUM_CONVERSION = YES;
				CLANG_WARN_INFINITE_RECURSION = YES;
				CLANG_WARN_INT_CONVERSION = YES;
				CLANG_WARN_NON_LITERAL_NULL_CONVERSION = YES;
				CLANG_WARN_OBJC_IMPLICIT_RETAIN_SELF = YES;
				CLANG_WARN_OBJC_LITERAL_CONVERSION = YES;
				CLANG_WARN_OBJC_ROOT_CLASS = YES_ERROR;
				CLANG_WARN_QUOTED_INCLUDE_IN_FRAMEWORK_HEADER = YES;
				CLANG_WARN_RANGE_LOOP_ANALYSIS = YES;
				CLANG_WARN_STRICT_PROTOTYPES = YES;
				CLANG_WARN_SUSPICIOUS_MOVE = YES;
				CLANG_WARN_UNGUARDED_AVAILABILITY = YES_AGGRESSIVE;
				CLANG_WARN_UNREACHABLE_CODE = YES;
				CLANG_WARN__DUPLICATE_METHOD_MATCH = YES;
				COPY_PHASE_STRIP = NO;
				DEBUG_INFORMATION_FORMAT = dwarf;
				ENABLE_STRICT_OBJC_MSGSEND = YES;
				ENABLE_TESTABILITY = YES;
				GCC_C_LANGUAGE_STANDARD = gnu11;
				GCC_DYNAMIC_NO_PIC = NO;
				GCC_NO_COMMON_BLOCKS = YES;
				GCC_OPTIMIZATION_LEVEL = 0;
				GCC_PREPROCESSOR_DEFINITIONS = (
					"DEBUG=1",
					"$(inherited)",
				);
				GCC_WARN_64_TO_32_BIT_CONVERSION = YES;
				GCC_WARN_ABOUT_RETURN_TYPE = YES_ERROR;
				GCC_WARN_UNDECLARED_SELECTOR = YES;
				GCC_WARN_UNINITIALIZED_AUTOS = YES_AGGRESSIVE;
				GCC_WARN_UNUSED_FUNCTION = YES;
				GCC_WARN_UNUSED_VARIABLE = YES;
				IPHONEOS_DEPLOYMENT_TARGET = 16.2;
				MTL_ENABLE_DEBUG_INFO = INCLUDE_SOURCE;
				MTL_FAST_MATH = YES;
				ONLY_ACTIVE_ARCH = YES;
				SDKROOT = iphoneos;
				SWIFT_ACTIVE_COMPILATION_CONDITIONS = DEBUG;
				SWIFT_OPTIMIZATION_LEVEL = "-Onone";
			};
			name = Debug;
		};
		FD4D2BF529E9E3A000F525D3 /* Release */ = {
			isa = XCBuildConfiguration;
			buildSettings = {
				ALWAYS_SEARCH_USER_PATHS = NO;
				CLANG_ANALYZER_NONNULL = YES;
				CLANG_ANALYZER_NUMBER_OBJECT_CONVERSION = YES_AGGRESSIVE;
				CLANG_CXX_LANGUAGE_STANDARD = "gnu++20";
				CLANG_ENABLE_MODULES = YES;
				CLANG_ENABLE_OBJC_ARC = YES;
				CLANG_ENABLE_OBJC_WEAK = YES;
				CLANG_WARN_BLOCK_CAPTURE_AUTORELEASING = YES;
				CLANG_WARN_BOOL_CONVERSION = YES;
				CLANG_WARN_COMMA = YES;
				CLANG_WARN_CONSTANT_CONVERSION = YES;
				CLANG_WARN_DEPRECATED_OBJC_IMPLEMENTATIONS = YES;
				CLANG_WARN_DIRECT_OBJC_ISA_USAGE = YES_ERROR;
				CLANG_WARN_DOCUMENTATION_COMMENTS = YES;
				CLANG_WARN_EMPTY_BODY = YES;
				CLANG_WARN_ENUM_CONVERSION = YES;
				CLANG_WARN_INFINITE_RECURSION = YES;
				CLANG_WARN_INT_CONVERSION = YES;
				CLANG_WARN_NON_LITERAL_NULL_CONVERSION = YES;
				CLANG_WARN_OBJC_IMPLICIT_RETAIN_SELF = YES;
				CLANG_WARN_OBJC_LITERAL_CONVERSION = YES;
				CLANG_WARN_OBJC_ROOT_CLASS = YES_ERROR;
				CLANG_WARN_QUOTED_INCLUDE_IN_FRAMEWORK_HEADER = YES;
				CLANG_WARN_RANGE_LOOP_ANALYSIS = YES;
				CLANG_WARN_STRICT_PROTOTYPES = YES;
				CLANG_WARN_SUSPICIOUS_MOVE = YES;
				CLANG_WARN_UNGUARDED_AVAILABILITY = YES_AGGRESSIVE;
				CLANG_WARN_UNREACHABLE_CODE = YES;
				CLANG_WARN__DUPLICATE_METHOD_MATCH = YES;
				COPY_PHASE_STRIP = NO;
				DEBUG_INFORMATION_FORMAT = "dwarf-with-dsym";
				ENABLE_NS_ASSERTIONS = NO;
				ENABLE_STRICT_OBJC_MSGSEND = YES;
				GCC_C_LANGUAGE_STANDARD = gnu11;
				GCC_NO_COMMON_BLOCKS = YES;
				GCC_WARN_64_TO_32_BIT_CONVERSION = YES;
				GCC_WARN_ABOUT_RETURN_TYPE = YES_ERROR;
				GCC_WARN_UNDECLARED_SELECTOR = YES;
				GCC_WARN_UNINITIALIZED_AUTOS = YES_AGGRESSIVE;
				GCC_WARN_UNUSED_FUNCTION = YES;
				GCC_WARN_UNUSED_VARIABLE = YES;
				IPHONEOS_DEPLOYMENT_TARGET = 16.2;
				MTL_ENABLE_DEBUG_INFO = NO;
				MTL_FAST_MATH = YES;
				SDKROOT = iphoneos;
				SWIFT_COMPILATION_MODE = wholemodule;
				SWIFT_OPTIMIZATION_LEVEL = "-O";
				VALIDATE_PRODUCT = YES;
			};
			name = Release;
		};
		FD4D2BF729E9E3A000F525D3 /* Debug */ = {
			isa = XCBuildConfiguration;
			baseConfigurationReference = F29BBC58DA086F101BA76740 /* Pods-Rimac.debug.xcconfig */;
			buildSettings = {
				ASSETCATALOG_COMPILER_APPICON_NAME = AppIcon;
				ASSETCATALOG_COMPILER_GLOBAL_ACCENT_COLOR_NAME = AccentColor;
				CODE_SIGN_STYLE = Automatic;
				CURRENT_PROJECT_VERSION = 1;
				DEVELOPMENT_TEAM = 3PK324CJ3S;
				GENERATE_INFOPLIST_FILE = YES;
				INFOPLIST_FILE = Rimac/Info.plist;
				INFOPLIST_KEY_UIApplicationSupportsIndirectInputEvents = YES;
				INFOPLIST_KEY_UILaunchStoryboardName = LaunchScreen;
				INFOPLIST_KEY_UIMainStoryboardFile = Main;
				INFOPLIST_KEY_UISupportedInterfaceOrientations_iPad = "UIInterfaceOrientationPortrait UIInterfaceOrientationPortraitUpsideDown UIInterfaceOrientationLandscapeLeft UIInterfaceOrientationLandscapeRight";
				INFOPLIST_KEY_UISupportedInterfaceOrientations_iPhone = "UIInterfaceOrientationPortrait UIInterfaceOrientationLandscapeLeft UIInterfaceOrientationLandscapeRight";
				IPHONEOS_DEPLOYMENT_TARGET = 13.0;
				LD_RUNPATH_SEARCH_PATHS = (
					"$(inherited)",
					"@executable_path/Frameworks",
				);
				MARKETING_VERSION = 1.0;
				PRODUCT_BUNDLE_IDENTIFIER = com.abletoaid.rimaciphoneapp;
				PRODUCT_NAME = "$(TARGET_NAME)";
				SWIFT_EMIT_LOC_STRINGS = YES;
				SWIFT_VERSION = 5.0;
				TARGETED_DEVICE_FAMILY = "1,2";
			};
			name = Debug;
		};
		FD4D2BF829E9E3A000F525D3 /* Release */ = {
			isa = XCBuildConfiguration;
			baseConfigurationReference = E67B0E978BD121C133D1A70F /* Pods-Rimac.release.xcconfig */;
			buildSettings = {
				ASSETCATALOG_COMPILER_APPICON_NAME = AppIcon;
				ASSETCATALOG_COMPILER_GLOBAL_ACCENT_COLOR_NAME = AccentColor;
				CODE_SIGN_STYLE = Automatic;
				CURRENT_PROJECT_VERSION = 1;
				DEVELOPMENT_TEAM = 3PK324CJ3S;
				GENERATE_INFOPLIST_FILE = YES;
				INFOPLIST_FILE = Rimac/Info.plist;
				INFOPLIST_KEY_UIApplicationSupportsIndirectInputEvents = YES;
				INFOPLIST_KEY_UILaunchStoryboardName = LaunchScreen;
				INFOPLIST_KEY_UIMainStoryboardFile = Main;
				INFOPLIST_KEY_UISupportedInterfaceOrientations_iPad = "UIInterfaceOrientationPortrait UIInterfaceOrientationPortraitUpsideDown UIInterfaceOrientationLandscapeLeft UIInterfaceOrientationLandscapeRight";
				INFOPLIST_KEY_UISupportedInterfaceOrientations_iPhone = "UIInterfaceOrientationPortrait UIInterfaceOrientationLandscapeLeft UIInterfaceOrientationLandscapeRight";
				IPHONEOS_DEPLOYMENT_TARGET = 13.0;
				LD_RUNPATH_SEARCH_PATHS = (
					"$(inherited)",
					"@executable_path/Frameworks",
				);
				MARKETING_VERSION = 1.0;
				PRODUCT_BUNDLE_IDENTIFIER = com.abletoaid.rimaciphoneapp;
				PRODUCT_NAME = "$(TARGET_NAME)";
				SWIFT_EMIT_LOC_STRINGS = YES;
				SWIFT_VERSION = 5.0;
				TARGETED_DEVICE_FAMILY = "1,2";
			};
			name = Release;
		};
/* End XCBuildConfiguration section */

/* Begin XCConfigurationList section */
		FD4D2BDD29E9E39F00F525D3 /* Build configuration list for PBXProject "Rimac" */ = {
			isa = XCConfigurationList;
			buildConfigurations = (
				FD4D2BF429E9E3A000F525D3 /* Debug */,
				FD4D2BF529E9E3A000F525D3 /* Release */,
			);
			defaultConfigurationIsVisible = 0;
			defaultConfigurationName = Release;
		};
		FD4D2BF629E9E3A000F525D3 /* Build configuration list for PBXNativeTarget "Rimac" */ = {
			isa = XCConfigurationList;
			buildConfigurations = (
				FD4D2BF729E9E3A000F525D3 /* Debug */,
				FD4D2BF829E9E3A000F525D3 /* Release */,
			);
			defaultConfigurationIsVisible = 0;
			defaultConfigurationName = Release;
		};
/* End XCConfigurationList section */
	};
	rootObject = FD4D2BDA29E9E39F00F525D3 /* Project object */;
}
